{
  "name": "pinealan",
  "lockfileVersion": 2,
  "requires": true,
  "packages": {
    "": {
      "dependencies": {
        "node-base91": "^0.3.4"
      }
    },
    "node_modules/node-base91": {
      "version": "0.3.4",
      "resolved": "https://registry.npmjs.org/node-base91/-/node-base91-0.3.4.tgz",
      "integrity": "sha1-8wxURAHvUPrVDiYp4dredLQbE1U="
    }
  },
  "dependencies": {
    "node-base91": {
      "version": "0.3.4",
      "resolved": "https://registry.npmjs.org/node-base91/-/node-base91-0.3.4.tgz",
      "integrity": "sha1-8wxURAHvUPrVDiYp4dredLQbE1U="
    }
  }
}
